
Microsoft Visual Studio Solution File, Format Version 12.00
# Visual Studio Version 16
VisualStudioVersion = 16.0.31605.320
MinimumVisualStudioVersion = 10.0.40219.1
Project("{9A19103F-16F7-4668-BE54-9A1E7A4F7556}") = "blog-api", "blog-api\blog-api.csproj", "{98E41F1E-CD26-4589-9B31-9FF4856DEBBC}"
EndProject
Global
	GlobalSection(SolutionConfigurationPlatforms) = preSolution
		Debug|Any CPU = Debug|Any CPU
		Release|Any CPU = Release|Any CPU
	EndGlobalSection
	GlobalSection(ProjectConfigurationPlatforms) = postSolution
		{98E41F1E-CD26-4589-9B31-9FF4856DEBBC}.Debug|Any CPU.ActiveCfg = Debug|Any CPU
		{98E41F1E-CD26-4589-9B31-9FF4856DEBBC}.Debug|Any CPU.Build.0 = Debug|Any CPU
		{98E41F1E-CD26-4589-9B31-9FF4856DEBBC}.Release|Any CPU.ActiveCfg = Release|Any CPU
		{98E41F1E-CD26-4589-9B31-9FF4856DEBBC}.Release|Any CPU.Build.0 = Release|Any CPU
	EndGlobalSection
	GlobalSection(SolutionProperties) = preSolution
		HideSolutionNode = FALSE
	EndGlobalSection
	GlobalSection(ExtensibilityGlobals) = postSolution
		SolutionGuid = {DEA33094-5909-40AD-87E8-944C2E9D8350}
	EndGlobalSection
EndGlobal
